
Microsoft Visual Studio Solution File, Format Version 12.00
# Visual Studio Version 17
VisualStudioVersion = 17.8.34511.84
MinimumVisualStudioVersion = 10.0.40219.1
Project("{FAE04EC0-301F-11D3-BF4B-00C04F79EFBC}") = "SimpleForm", "SimpleForm\SimpleForm.csproj", "{DED72712-8517-43DF-8EEA-561F6D42F9AB}"
EndProject
Global
	GlobalSection(SolutionConfigurationPlatforms) = preSolution
		Debug|Any CPU = Debug|Any CPU
		Release|Any CPU = Release|Any CPU
	EndGlobalSection
	GlobalSection(ProjectConfigurationPlatforms) = postSolution
		{DED72712-8517-43DF-8EEA-561F6D42F9AB}.Debug|Any CPU.ActiveCfg = Debug|Any CPU
		{DED72712-8517-43DF-8EEA-561F6D42F9AB}.Debug|Any CPU.Build.0 = Debug|Any CPU
		{DED72712-8517-43DF-8EEA-561F6D42F9AB}.Release|Any CPU.ActiveCfg = Release|Any CPU
		{DED72712-8517-43DF-8EEA-561F6D42F9AB}.Release|Any CPU.Build.0 = Release|Any CPU
	EndGlobalSection
	GlobalSection(SolutionProperties) = preSolution
		HideSolutionNode = FALSE
	EndGlobalSection
	GlobalSection(ExtensibilityGlobals) = postSolution
		SolutionGuid = {472AA6D4-3210-47DC-B5C6-E9C37D8069D3}
	EndGlobalSection
EndGlobal
